
Microsoft Visual Studio Solution File, Format Version 12.00
# Visual Studio Version 17
VisualStudioVersion = 17.0.32112.339
MinimumVisualStudioVersion = 10.0.40219.1
Project("{FAE04EC0-301F-11D3-BF4B-00C04F79EFBC}") = "Peter_2022.01.28", "Peter_2022.01.28\Peter_2022.01.28.csproj", "{73373CAC-134F-4003-89BB-7701889D2312}"
EndProject
Global
	GlobalSection(SolutionConfigurationPlatforms) = preSolution
		Debug|Any CPU = Debug|Any CPU
		Release|Any CPU = Release|Any CPU
	EndGlobalSection
	GlobalSection(ProjectConfigurationPlatforms) = postSolution
		{73373CAC-134F-4003-89BB-7701889D2312}.Debug|Any CPU.ActiveCfg = Debug|Any CPU
		{73373CAC-134F-4003-89BB-7701889D2312}.Debug|Any CPU.Build.0 = Debug|Any CPU
		{73373CAC-134F-4003-89BB-7701889D2312}.Release|Any CPU.ActiveCfg = Release|Any CPU
		{73373CAC-134F-4003-89BB-7701889D2312}.Release|Any CPU.Build.0 = Release|Any CPU
	EndGlobalSection
	GlobalSection(SolutionProperties) = preSolution
		HideSolutionNode = FALSE
	EndGlobalSection
	GlobalSection(ExtensibilityGlobals) = postSolution
		SolutionGuid = {C574A079-393C-4B2F-AF38-84DE3A796C22}
	EndGlobalSection
EndGlobal
